
Microsoft Visual Studio Solution File, Format Version 12.00
# Visual Studio Version 16
VisualStudioVersion = 16.0.31321.278
MinimumVisualStudioVersion = 10.0.40219.1
Project("{FAE04EC0-301F-11D3-BF4B-00C04F79EFBC}") = "Xadrex", "Xadrex\Xadrex.csproj", "{7C7CDE94-B895-4D67-A831-AD665B70F838}"
EndProject
Global
	GlobalSection(SolutionConfigurationPlatforms) = preSolution
		Debug|Any CPU = Debug|Any CPU
		Release|Any CPU = Release|Any CPU
	EndGlobalSection
	GlobalSection(ProjectConfigurationPlatforms) = postSolution
		{7C7CDE94-B895-4D67-A831-AD665B70F838}.Debug|Any CPU.ActiveCfg = Debug|Any CPU
		{7C7CDE94-B895-4D67-A831-AD665B70F838}.Debug|Any CPU.Build.0 = Debug|Any CPU
		{7C7CDE94-B895-4D67-A831-AD665B70F838}.Release|Any CPU.ActiveCfg = Release|Any CPU
		{7C7CDE94-B895-4D67-A831-AD665B70F838}.Release|Any CPU.Build.0 = Release|Any CPU
	EndGlobalSection
	GlobalSection(SolutionProperties) = preSolution
		HideSolutionNode = FALSE
	EndGlobalSection
	GlobalSection(ExtensibilityGlobals) = postSolution
		SolutionGuid = {B1654590-D93C-4569-AA09-A7A618EAF001}
	EndGlobalSection
EndGlobal
